// !$*UTF8*$!
{
	archiveVersion = 1;
	classes = {
	};
	objectVersion = 60;
	objects = {

/* Begin PBXBuildFile section */
		075794E92C3D915E00740926 /* t_the_MoonApp.swift in Sources */ = {isa = PBXBuildFile; fileRef = 075794E82C3D915E00740926 /* t_the_MoonApp.swift */; };
		075794EB2C3D915E00740926 /* ContentView.swift in Sources */ = {isa = PBXBuildFile; fileRef = 075794EA2C3D915E00740926 /* ContentView.swift */; };
		075794ED2C3D916000740926 /* Assets.xcassets in Resources */ = {isa = PBXBuildFile; fileRef = 075794EC2C3D916000740926 /* Assets.xcassets */; };
		075794F02C3D916000740926 /* Preview Assets.xcassets in Resources */ = {isa = PBXBuildFile; fileRef = 075794EF2C3D916000740926 /* Preview Assets.xcassets */; };
		075794F72C3D918000740926 /* astronauts.json in Resources */ = {isa = PBXBuildFile; fileRef = 075794F62C3D918000740926 /* astronauts.json */; };
		075794F92C3D918500740926 /* missions.json in Resources */ = {isa = PBXBuildFile; fileRef = 075794F82C3D918500740926 /* missions.json */; };
		075794FB2C3D9D5600740926 /* Astronaut.swift in Sources */ = {isa = PBXBuildFile; fileRef = 075794FA2C3D9D4700740926 /* Astronaut.swift */; };
		075794FD2C3DA0E700740926 /* Bundle-Decodable.swift in Sources */ = {isa = PBXBuildFile; fileRef = 075794FC2C3DA0E700740926 /* Bundle-Decodable.swift */; };
		075794FF2C3DA73D00740926 /* Mission.swift in Sources */ = {isa = PBXBuildFile; fileRef = 075794FE2C3DA73D00740926 /* Mission.swift */; };
		075795012C3DAC1C00740926 /* Color-Theme.swift in Sources */ = {isa = PBXBuildFile; fileRef = 075795002C3DAC1C00740926 /* Color-Theme.swift */; };
		075795032C3DAEA200740926 /* MissionView.swift in Sources */ = {isa = PBXBuildFile; fileRef = 075795022C3DAEA200740926 /* MissionView.swift */; };
/* End PBXBuildFile section */

/* Begin PBXFileReference section */
		075794E52C3D915E00740926 /* t'the Moon.app */ = {isa = PBXFileReference; explicitFileType = wrapper.application; includeInIndex = 0; path = "t'the Moon.app"; sourceTree = BUILT_PRODUCTS_DIR; };
		075794E82C3D915E00740926 /* t_the_MoonApp.swift */ = {isa = PBXFileReference; lastKnownFileType = sourcecode.swift; path = t_the_MoonApp.swift; sourceTree = "<group>"; };
		075794EA2C3D915E00740926 /* ContentView.swift */ = {isa = PBXFileReference; lastKnownFileType = sourcecode.swift; path = ContentView.swift; sourceTree = "<group>"; };
		075794EC2C3D916000740926 /* Assets.xcassets */ = {isa = PBXFileReference; lastKnownFileType = folder.assetcatalog; path = Assets.xcassets; sourceTree = "<group>"; };
		075794EF2C3D916000740926 /* Preview Assets.xcassets */ = {isa = PBXFileReference; lastKnownFileType = folder.assetcatalog; path = "Preview Assets.xcassets"; sourceTree = "<group>"; };
		075794F62C3D918000740926 /* astronauts.json */ = {isa = PBXFileReference; lastKnownFileType = text.json; path = astronauts.json; sourceTree = "<group>"; };
		075794F82C3D918500740926 /* missions.json */ = {isa = PBXFileReference; lastKnownFileType = text.json; path = missions.json; sourceTree = "<group>"; };
		075794FA2C3D9D4700740926 /* Astronaut.swift */ = {isa = PBXFileReference; lastKnownFileType = sourcecode.swift; path = Astronaut.swift; sourceTree = "<group>"; };
		075794FC2C3DA0E700740926 /* Bundle-Decodable.swift */ = {isa = PBXFileReference; lastKnownFileType = sourcecode.swift; path = "Bundle-Decodable.swift"; sourceTree = "<group>"; };
		075794FE2C3DA73D00740926 /* Mission.swift */ = {isa = PBXFileReference; lastKnownFileType = sourcecode.swift; path = Mission.swift; sourceTree = "<group>"; };
		075795002C3DAC1C00740926 /* Color-Theme.swift */ = {isa = PBXFileReference; lastKnownFileType = sourcecode.swift; path = "Color-Theme.swift"; sourceTree = "<group>"; };
		075795022C3DAEA200740926 /* MissionView.swift */ = {isa = PBXFileReference; lastKnownFileType = sourcecode.swift; path = MissionView.swift; sourceTree = "<group>"; };
/* End PBXFileReference section */

/* Begin PBXFrameworksBuildPhase section */
		075794E22C3D915E00740926 /* Frameworks */ = {
			isa = PBXFrameworksBuildPhase;
			buildActionMask = 2147483647;
			files = (
			);
			runOnlyForDeploymentPostprocessing = 0;
		};
/* End PBXFrameworksBuildPhase section */

/* Begin PBXGroup section */
		075794DC2C3D915E00740926 = {
			isa = PBXGroup;
			children = (
				075794E72C3D915E00740926 /* t'the Moon */,
				075794E62C3D915E00740926 /* Products */,
			);
			sourceTree = "<group>";
		};
		075794E62C3D915E00740926 /* Products */ = {
			isa = PBXGroup;
			children = (
				075794E52C3D915E00740926 /* t'the Moon.app */,
			);
			name = Products;
			sourceTree = "<group>";
		};
		075794E72C3D915E00740926 /* t'the Moon */ = {
			isa = PBXGroup;
			children = (
				075794E82C3D915E00740926 /* t_the_MoonApp.swift */,
				075794EA2C3D915E00740926 /* ContentView.swift */,
				075795022C3DAEA200740926 /* MissionView.swift */,
				075795002C3DAC1C00740926 /* Color-Theme.swift */,
				075794FE2C3DA73D00740926 /* Mission.swift */,
				075794FA2C3D9D4700740926 /* Astronaut.swift */,
				075794FC2C3DA0E700740926 /* Bundle-Decodable.swift */,
				075794EC2C3D916000740926 /* Assets.xcassets */,
				075794F82C3D918500740926 /* missions.json */,
				075794F62C3D918000740926 /* astronauts.json */,
				075794EE2C3D916000740926 /* Preview Content */,
			);
			path = "t'the Moon";
			sourceTree = "<group>";
		};
		075794EE2C3D916000740926 /* Preview Content */ = {
			isa = PBXGroup;
			children = (
				075794EF2C3D916000740926 /* Preview Assets.xcassets */,
			);
			path = "Preview Content";
			sourceTree = "<group>";
		};
/* End PBXGroup section */

/* Begin PBXNativeTarget section */
		075794E42C3D915E00740926 /* t'the Moon */ = {
			isa = PBXNativeTarget;
			buildConfigurationList = 075794F32C3D916000740926 /* Build configuration list for PBXNativeTarget "t'the Moon" */;
			buildPhases = (
				075794E12C3D915E00740926 /* Sources */,
				075794E22C3D915E00740926 /* Frameworks */,
				075794E32C3D915E00740926 /* Resources */,
			);
			buildRules = (
			);
			dependencies = (
			);
			name = "t'the Moon";
			productName = "t'the Moon";
			productReference = 075794E52C3D915E00740926 /* t'the Moon.app */;
			productType = "com.apple.product-type.application";
		};
/* End PBXNativeTarget section */

/* Begin PBXProject section */
		075794DD2C3D915E00740926 /* Project object */ = {
			isa = PBXProject;
			attributes = {
				BuildIndependentTargetsInParallel = 1;
				LastSwiftUpdateCheck = 1600;
				LastUpgradeCheck = 1600;
				TargetAttributes = {
					075794E42C3D915E00740926 = {
						CreatedOnToolsVersion = 16.0;
					};
				};
			};
			buildConfigurationList = 075794E02C3D915E00740926 /* Build configuration list for PBXProject "t'the Moon" */;
			compatibilityVersion = "Xcode 15.0";
			developmentRegion = en;
			hasScannedForEncodings = 0;
			knownRegions = (
				en,
				Base,
			);
			mainGroup = 075794DC2C3D915E00740926;
			productRefGroup = 075794E62C3D915E00740926 /* Products */;
			projectDirPath = "";
			projectRoot = "";
			targets = (
				075794E42C3D915E00740926 /* t'the Moon */,
			);
		};
/* End PBXProject section */

/* Begin PBXResourcesBuildPhase section */
		075794E32C3D915E00740926 /* Resources */ = {
			isa = PBXResourcesBuildPhase;
			buildActionMask = 2147483647;
			files = (
				075794F72C3D918000740926 /* astronauts.json in Resources */,
				075794F02C3D916000740926 /* Preview Assets.xcassets in Resources */,
				075794F92C3D918500740926 /* missions.json in Resources */,
				075794ED2C3D916000740926 /* Assets.xcassets in Resources */,
			);
			runOnlyForDeploymentPostprocessing = 0;
		};
/* End PBXResourcesBuildPhase section */

/* Begin PBXSourcesBuildPhase section */
		075794E12C3D915E00740926 /* Sources */ = {
			isa = PBXSourcesBuildPhase;
			buildActionMask = 2147483647;
			files = (
				075795032C3DAEA200740926 /* MissionView.swift in Sources */,
				075794EB2C3D915E00740926 /* ContentView.swift in Sources */,
				075795012C3DAC1C00740926 /* Color-Theme.swift in Sources */,
				075794FB2C3D9D5600740926 /* Astronaut.swift in Sources */,
				075794E92C3D915E00740926 /* t_the_MoonApp.swift in Sources */,
				075794FF2C3DA73D00740926 /* Mission.swift in Sources */,
				075794FD2C3DA0E700740926 /* Bundle-Decodable.swift in Sources */,
			);
			runOnlyForDeploymentPostprocessing = 0;
		};
/* End PBXSourcesBuildPhase section */

/* Begin XCBuildConfiguration section */
		075794F12C3D916000740926 /* Debug */ = {
			isa = XCBuildConfiguration;
			buildSettings = {
				ALWAYS_SEARCH_USER_PATHS = NO;
				ASSETCATALOG_COMPILER_GENERATE_SWIFT_ASSET_SYMBOL_EXTENSIONS = YES;
				CLANG_ANALYZER_NONNULL = YES;
				CLANG_ANALYZER_NUMBER_OBJECT_CONVERSION = YES_AGGRESSIVE;
				CLANG_CXX_LANGUAGE_STANDARD = "gnu++20";
				CLANG_ENABLE_MODULES = YES;
				CLANG_ENABLE_OBJC_ARC = YES;
				CLANG_ENABLE_OBJC_WEAK = YES;
				CLANG_WARN_BLOCK_CAPTURE_AUTORELEASING = YES;
				CLANG_WARN_BOOL_CONVERSION = YES;
				CLANG_WARN_COMMA = YES;
				CLANG_WARN_CONSTANT_CONVERSION = YES;
				CLANG_WARN_DEPRECATED_OBJC_IMPLEMENTATIONS = YES;
				CLANG_WARN_DIRECT_OBJC_ISA_USAGE = YES_ERROR;
				CLANG_WARN_DOCUMENTATION_COMMENTS = YES;
				CLANG_WARN_EMPTY_BODY = YES;
				CLANG_WARN_ENUM_CONVERSION = YES;
				CLANG_WARN_INFINITE_RECURSION = YES;
				CLANG_WARN_INT_CONVERSION = YES;
				CLANG_WARN_NON_LITERAL_NULL_CONVERSION = YES;
				CLANG_WARN_OBJC_IMPLICIT_RETAIN_SELF = YES;
				CLANG_WARN_OBJC_LITERAL_CONVERSION = YES;
				CLANG_WARN_OBJC_ROOT_CLASS = YES_ERROR;
				CLANG_WARN_QUOTED_INCLUDE_IN_FRAMEWORK_HEADER = YES;
				CLANG_WARN_RANGE_LOOP_ANALYSIS = YES;
				CLANG_WARN_STRICT_PROTOTYPES = YES;
				CLANG_WARN_SUSPICIOUS_MOVE = YES;
				CLANG_WARN_UNGUARDED_AVAILABILITY = YES_AGGRESSIVE;
				CLANG_WARN_UNREACHABLE_CODE = YES;
				CLANG_WARN__DUPLICATE_METHOD_MATCH = YES;
				COPY_PHASE_STRIP = NO;
				DEBUG_INFORMATION_FORMAT = dwarf;
				ENABLE_STRICT_OBJC_MSGSEND = YES;
				ENABLE_TESTABILITY = YES;
				ENABLE_USER_SCRIPT_SANDBOXING = YES;
				GCC_C_LANGUAGE_STANDARD = gnu17;
				GCC_DYNAMIC_NO_PIC = NO;
				GCC_NO_COMMON_BLOCKS = YES;
				GCC_OPTIMIZATION_LEVEL = 0;
				GCC_PREPROCESSOR_DEFINITIONS = (
					"DEBUG=1",
					"$(inherited)",
				);
				GCC_WARN_64_TO_32_BIT_CONVERSION = YES;
				GCC_WARN_ABOUT_RETURN_TYPE = YES_ERROR;
				GCC_WARN_UNDECLARED_SELECTOR = YES;
				GCC_WARN_UNINITIALIZED_AUTOS = YES_AGGRESSIVE;
				GCC_WARN_UNUSED_FUNCTION = YES;
				GCC_WARN_UNUSED_VARIABLE = YES;
				IPHONEOS_DEPLOYMENT_TARGET = 18.0;
				LOCALIZATION_PREFERS_STRING_CATALOGS = YES;
				MTL_ENABLE_DEBUG_INFO = INCLUDE_SOURCE;
				MTL_FAST_MATH = YES;
				ONLY_ACTIVE_ARCH = YES;
				SDKROOT = iphoneos;
				SWIFT_ACTIVE_COMPILATION_CONDITIONS = "DEBUG $(inherited)";
				SWIFT_OPTIMIZATION_LEVEL = "-Onone";
			};
			name = Debug;
		};
		075794F22C3D916000740926 /* Release */ = {
			isa = XCBuildConfiguration;
			buildSettings = {
				ALWAYS_SEARCH_USER_PATHS = NO;
				ASSETCATALOG_COMPILER_GENERATE_SWIFT_ASSET_SYMBOL_EXTENSIONS = YES;
				CLANG_ANALYZER_NONNULL = YES;
				CLANG_ANALYZER_NUMBER_OBJECT_CONVERSION = YES_AGGRESSIVE;
				CLANG_CXX_LANGUAGE_STANDARD = "gnu++20";
				CLANG_ENABLE_MODULES = YES;
				CLANG_ENABLE_OBJC_ARC = YES;
				CLANG_ENABLE_OBJC_WEAK = YES;
				CLANG_WARN_BLOCK_CAPTURE_AUTORELEASING = YES;
				CLANG_WARN_BOOL_CONVERSION = YES;
				CLANG_WARN_COMMA = YES;
				CLANG_WARN_CONSTANT_CONVERSION = YES;
				CLANG_WARN_DEPRECATED_OBJC_IMPLEMENTATIONS = YES;
				CLANG_WARN_DIRECT_OBJC_ISA_USAGE = YES_ERROR;
				CLANG_WARN_DOCUMENTATION_COMMENTS = YES;
				CLANG_WARN_EMPTY_BODY = YES;
				CLANG_WARN_ENUM_CONVERSION = YES;
				CLANG_WARN_INFINITE_RECURSION = YES;
				CLANG_WARN_INT_CONVERSION = YES;
				CLANG_WARN_NON_LITERAL_NULL_CONVERSION = YES;
				CLANG_WARN_OBJC_IMPLICIT_RETAIN_SELF = YES;
				CLANG_WARN_OBJC_LITERAL_CONVERSION = YES;
				CLANG_WARN_OBJC_ROOT_CLASS = YES_ERROR;
				CLANG_WARN_QUOTED_INCLUDE_IN_FRAMEWORK_HEADER = YES;
				CLANG_WARN_RANGE_LOOP_ANALYSIS = YES;
				CLANG_WARN_STRICT_PROTOTYPES = YES;
				CLANG_WARN_SUSPICIOUS_MOVE = YES;
				CLANG_WARN_UNGUARDED_AVAILABILITY = YES_AGGRESSIVE;
				CLANG_WARN_UNREACHABLE_CODE = YES;
				CLANG_WARN__DUPLICATE_METHOD_MATCH = YES;
				COPY_PHASE_STRIP = NO;
				DEBUG_INFORMATION_FORMAT = "dwarf-with-dsym";
				ENABLE_NS_ASSERTIONS = NO;
				ENABLE_STRICT_OBJC_MSGSEND = YES;
				ENABLE_USER_SCRIPT_SANDBOXING = YES;
				GCC_C_LANGUAGE_STANDARD = gnu17;
				GCC_NO_COMMON_BLOCKS = YES;
				GCC_WARN_64_TO_32_BIT_CONVERSION = YES;
				GCC_WARN_ABOUT_RETURN_TYPE = YES_ERROR;
				GCC_WARN_UNDECLARED_SELECTOR = YES;
				GCC_WARN_UNINITIALIZED_AUTOS = YES_AGGRESSIVE;
				GCC_WARN_UNUSED_FUNCTION = YES;
				GCC_WARN_UNUSED_VARIABLE = YES;
				IPHONEOS_DEPLOYMENT_TARGET = 18.0;
				LOCALIZATION_PREFERS_STRING_CATALOGS = YES;
				MTL_ENABLE_DEBUG_INFO = NO;
				MTL_FAST_MATH = YES;
				SDKROOT = iphoneos;
				SWIFT_COMPILATION_MODE = wholemodule;
				VALIDATE_PRODUCT = YES;
			};
			name = Release;
		};
		075794F42C3D916000740926 /* Debug */ = {
			isa = XCBuildConfiguration;
			buildSettings = {
				ASSETCATALOG_COMPILER_APPICON_NAME = AppIcon;
				ASSETCATALOG_COMPILER_GLOBAL_ACCENT_COLOR_NAME = AccentColor;
				CODE_SIGN_STYLE = Automatic;
				CURRENT_PROJECT_VERSION = 1;
				DEVELOPMENT_ASSET_PATHS = "\"t'the Moon/Preview Content\"";
				DEVELOPMENT_TEAM = P5K444356C;
				ENABLE_PREVIEWS = YES;
				GENERATE_INFOPLIST_FILE = YES;
				INFOPLIST_KEY_UIApplicationSceneManifest_Generation = YES;
				INFOPLIST_KEY_UIApplicationSupportsIndirectInputEvents = YES;
				INFOPLIST_KEY_UILaunchScreen_Generation = YES;
				INFOPLIST_KEY_UISupportedInterfaceOrientations_iPad = "UIInterfaceOrientationPortrait UIInterfaceOrientationPortraitUpsideDown UIInterfaceOrientationLandscapeLeft UIInterfaceOrientationLandscapeRight";
				INFOPLIST_KEY_UISupportedInterfaceOrientations_iPhone = "UIInterfaceOrientationPortrait UIInterfaceOrientationLandscapeLeft UIInterfaceOrientationLandscapeRight";
				LD_RUNPATH_SEARCH_PATHS = (
					"$(inherited)",
					"@executable_path/Frameworks",
				);
				MARKETING_VERSION = 1.0;
				PRODUCT_BUNDLE_IDENTIFIER = "com.parpods.t-the-Moon";
				PRODUCT_NAME = "$(TARGET_NAME)";
				SWIFT_EMIT_LOC_STRINGS = YES;
				SWIFT_VERSION = 5.0;
				TARGETED_DEVICE_FAMILY = "1,2";
			};
			name = Debug;
		};
		075794F52C3D916000740926 /* Release */ = {
			isa = XCBuildConfiguration;
			buildSettings = {
				ASSETCATALOG_COMPILER_APPICON_NAME = AppIcon;
				ASSETCATALOG_COMPILER_GLOBAL_ACCENT_COLOR_NAME = AccentColor;
				CODE_SIGN_STYLE = Automatic;
				CURRENT_PROJECT_VERSION = 1;
				DEVELOPMENT_ASSET_PATHS = "\"t'the Moon/Preview Content\"";
				DEVELOPMENT_TEAM = P5K444356C;
				ENABLE_PREVIEWS = YES;
				GENERATE_INFOPLIST_FILE = YES;
				INFOPLIST_KEY_UIApplicationSceneManifest_Generation = YES;
				INFOPLIST_KEY_UIApplicationSupportsIndirectInputEvents = YES;
				INFOPLIST_KEY_UILaunchScreen_Generation = YES;
				INFOPLIST_KEY_UISupportedInterfaceOrientations_iPad = "UIInterfaceOrientationPortrait UIInterfaceOrientationPortraitUpsideDown UIInterfaceOrientationLandscapeLeft UIInterfaceOrientationLandscapeRight";
				INFOPLIST_KEY_UISupportedInterfaceOrientations_iPhone = "UIInterfaceOrientationPortrait UIInterfaceOrientationLandscapeLeft UIInterfaceOrientationLandscapeRight";
				LD_RUNPATH_SEARCH_PATHS = (
					"$(inherited)",
					"@executable_path/Frameworks",
				);
				MARKETING_VERSION = 1.0;
				PRODUCT_BUNDLE_IDENTIFIER = "com.parpods.t-the-Moon";
				PRODUCT_NAME = "$(TARGET_NAME)";
				SWIFT_EMIT_LOC_STRINGS = YES;
				SWIFT_VERSION = 5.0;
				TARGETED_DEVICE_FAMILY = "1,2";
			};
			name = Release;
		};
/* End XCBuildConfiguration section */

/* Begin XCConfigurationList section */
		075794E02C3D915E00740926 /* Build configuration list for PBXProject "t'the Moon" */ = {
			isa = XCConfigurationList;
			buildConfigurations = (
				075794F12C3D916000740926 /* Debug */,
				075794F22C3D916000740926 /* Release */,
			);
			defaultConfigurationIsVisible = 0;
			defaultConfigurationName = Release;
		};
		075794F32C3D916000740926 /* Build configuration list for PBXNativeTarget "t'the Moon" */ = {
			isa = XCConfigurationList;
			buildConfigurations = (
				075794F42C3D916000740926 /* Debug */,
				075794F52C3D916000740926 /* Release */,
			);
			defaultConfigurationIsVisible = 0;
			defaultConfigurationName = Release;
		};
/* End XCConfigurationList section */
	};
	rootObject = 075794DD2C3D915E00740926 /* Project object */;
}
